
Microsoft Visual Studio Solution File, Format Version 12.00
# Visual Studio Version 16
VisualStudioVersion = 16.0.31321.278
MinimumVisualStudioVersion = 10.0.40219.1
Project("{00D1A9C2-B5F0-4AF3-8072-F6C62B433612}") = "ART.Inspector.DB", "ART.Inspector.DB\ART.Inspector.DB.sqlproj", "{EE485017-F38D-490B-A137-8751243AB732}"
EndProject
Project("{FAE04EC0-301F-11D3-BF4B-00C04F79EFBC}") = "ART.Inspector.BL.Models", "ART.Inspector.BL.Models\ART.Inspector.BL.Models.csproj", "{0EEFE74F-F022-457C-9843-28572D3AC9E4}"
EndProject
Project("{FAE04EC0-301F-11D3-BF4B-00C04F79EFBC}") = "ART.Inspector.BL.Test", "ART.Inspector.BL.Test\ART.Inspector.BL.Test.csproj", "{DBCF25C4-00DB-4334-9FD6-CD3CD54CDFD5}"
EndProject
Project("{FAE04EC0-301F-11D3-BF4B-00C04F79EFBC}") = "ART.Inspector.UI", "ART.Inspector.UI\ART.Inspector.UI.csproj", "{AD2A7D18-2DC0-4DE0-B1D1-9EF856D815DE}"
EndProject
Project("{FAE04EC0-301F-11D3-BF4B-00C04F79EFBC}") = "ART.Inspector.BL", "ART.Inspector.BL\ART.Inspector.BL.csproj", "{25F77157-4951-40F0-8834-A7A53B72DF23}"
EndProject
Global
	GlobalSection(SolutionConfigurationPlatforms) = preSolution
		Debug|Any CPU = Debug|Any CPU
		Release|Any CPU = Release|Any CPU
	EndGlobalSection
	GlobalSection(ProjectConfigurationPlatforms) = postSolution
		{EE485017-F38D-490B-A137-8751243AB732}.Debug|Any CPU.ActiveCfg = Debug|Any CPU
		{EE485017-F38D-490B-A137-8751243AB732}.Debug|Any CPU.Build.0 = Debug|Any CPU
		{EE485017-F38D-490B-A137-8751243AB732}.Debug|Any CPU.Deploy.0 = Debug|Any CPU
		{EE485017-F38D-490B-A137-8751243AB732}.Release|Any CPU.ActiveCfg = Release|Any CPU
		{EE485017-F38D-490B-A137-8751243AB732}.Release|Any CPU.Build.0 = Release|Any CPU
		{EE485017-F38D-490B-A137-8751243AB732}.Release|Any CPU.Deploy.0 = Release|Any CPU
		{0EEFE74F-F022-457C-9843-28572D3AC9E4}.Debug|Any CPU.ActiveCfg = Debug|Any CPU
		{0EEFE74F-F022-457C-9843-28572D3AC9E4}.Debug|Any CPU.Build.0 = Debug|Any CPU
		{0EEFE74F-F022-457C-9843-28572D3AC9E4}.Release|Any CPU.ActiveCfg = Release|Any CPU
		{0EEFE74F-F022-457C-9843-28572D3AC9E4}.Release|Any CPU.Build.0 = Release|Any CPU
		{DBCF25C4-00DB-4334-9FD6-CD3CD54CDFD5}.Debug|Any CPU.ActiveCfg = Debug|Any CPU
		{DBCF25C4-00DB-4334-9FD6-CD3CD54CDFD5}.Debug|Any CPU.Build.0 = Debug|Any CPU
		{DBCF25C4-00DB-4334-9FD6-CD3CD54CDFD5}.Release|Any CPU.ActiveCfg = Release|Any CPU
		{DBCF25C4-00DB-4334-9FD6-CD3CD54CDFD5}.Release|Any CPU.Build.0 = Release|Any CPU
		{AD2A7D18-2DC0-4DE0-B1D1-9EF856D815DE}.Debug|Any CPU.ActiveCfg = Debug|Any CPU
		{AD2A7D18-2DC0-4DE0-B1D1-9EF856D815DE}.Debug|Any CPU.Build.0 = Debug|Any CPU
		{AD2A7D18-2DC0-4DE0-B1D1-9EF856D815DE}.Release|Any CPU.ActiveCfg = Release|Any CPU
		{AD2A7D18-2DC0-4DE0-B1D1-9EF856D815DE}.Release|Any CPU.Build.0 = Release|Any CPU
		{25F77157-4951-40F0-8834-A7A53B72DF23}.Debug|Any CPU.ActiveCfg = Debug|Any CPU
		{25F77157-4951-40F0-8834-A7A53B72DF23}.Debug|Any CPU.Build.0 = Debug|Any CPU
		{25F77157-4951-40F0-8834-A7A53B72DF23}.Release|Any CPU.ActiveCfg = Release|Any CPU
		{25F77157-4951-40F0-8834-A7A53B72DF23}.Release|Any CPU.Build.0 = Release|Any CPU
	EndGlobalSection
	GlobalSection(SolutionProperties) = preSolution
		HideSolutionNode = FALSE
	EndGlobalSection
	GlobalSection(ExtensibilityGlobals) = postSolution
		SolutionGuid = {F019A5B1-73F6-4B5C-800B-E9E5D113B944}
	EndGlobalSection
EndGlobal
